
Microsoft Visual Studio Solution File, Format Version 12.00
# Visual Studio Version 17
VisualStudioVersion = 17.8.34511.84
MinimumVisualStudioVersion = 10.0.40219.1
Project("{FAE04EC0-301F-11D3-BF4B-00C04F79EFBC}") = "EstudiantesWF", "EstudiantesWF.csproj", "{B9C010F2-BEDC-4A64-9138-9EFBD4B199BE}"
EndProject
Project("{FAE04EC0-301F-11D3-BF4B-00C04F79EFBC}") = "Data", "..\Data\Data.csproj", "{EDB9B8C1-3C6D-48AC-AEF4-FBFC913D25F4}"
EndProject
Project("{FAE04EC0-301F-11D3-BF4B-00C04F79EFBC}") = "Logica", "..\Logica\Logica.csproj", "{2ECBF4ED-3C4F-4928-8021-4F01D03B449E}"
EndProject
Global
	GlobalSection(SolutionConfigurationPlatforms) = preSolution
		Debug|Any CPU = Debug|Any CPU
		Release|Any CPU = Release|Any CPU
	EndGlobalSection
	GlobalSection(ProjectConfigurationPlatforms) = postSolution
		{B9C010F2-BEDC-4A64-9138-9EFBD4B199BE}.Debug|Any CPU.ActiveCfg = Debug|Any CPU
		{B9C010F2-BEDC-4A64-9138-9EFBD4B199BE}.Debug|Any CPU.Build.0 = Debug|Any CPU
		{B9C010F2-BEDC-4A64-9138-9EFBD4B199BE}.Release|Any CPU.ActiveCfg = Release|Any CPU
		{B9C010F2-BEDC-4A64-9138-9EFBD4B199BE}.Release|Any CPU.Build.0 = Release|Any CPU
		{EDB9B8C1-3C6D-48AC-AEF4-FBFC913D25F4}.Debug|Any CPU.ActiveCfg = Debug|Any CPU
		{EDB9B8C1-3C6D-48AC-AEF4-FBFC913D25F4}.Debug|Any CPU.Build.0 = Debug|Any CPU
		{EDB9B8C1-3C6D-48AC-AEF4-FBFC913D25F4}.Release|Any CPU.ActiveCfg = Release|Any CPU
		{EDB9B8C1-3C6D-48AC-AEF4-FBFC913D25F4}.Release|Any CPU.Build.0 = Release|Any CPU
		{2ECBF4ED-3C4F-4928-8021-4F01D03B449E}.Debug|Any CPU.ActiveCfg = Debug|Any CPU
		{2ECBF4ED-3C4F-4928-8021-4F01D03B449E}.Debug|Any CPU.Build.0 = Debug|Any CPU
		{2ECBF4ED-3C4F-4928-8021-4F01D03B449E}.Release|Any CPU.ActiveCfg = Release|Any CPU
		{2ECBF4ED-3C4F-4928-8021-4F01D03B449E}.Release|Any CPU.Build.0 = Release|Any CPU
	EndGlobalSection
	GlobalSection(SolutionProperties) = preSolution
		HideSolutionNode = FALSE
	EndGlobalSection
	GlobalSection(ExtensibilityGlobals) = postSolution
		SolutionGuid = {E2E67E83-5D7D-4CD9-B2EC-402B0844172C}
	EndGlobalSection
EndGlobal
